
Microsoft Visual Studio Solution File, Format Version 12.00
# Visual Studio Version 16
VisualStudioVersion = 16.0.29911.84
MinimumVisualStudioVersion = 10.0.40219.1
Project("{FAE04EC0-301F-11D3-BF4B-00C04F79EFBC}") = "Final Grade Calculator", "Final Grade Calculator\Final Grade Calculator.csproj", "{028869F3-6CFD-42DC-9B5A-B1ACBF20CCAD}"
EndProject
Global
	GlobalSection(SolutionConfigurationPlatforms) = preSolution
		Debug|Any CPU = Debug|Any CPU
		Release|Any CPU = Release|Any CPU
	EndGlobalSection
	GlobalSection(ProjectConfigurationPlatforms) = postSolution
		{028869F3-6CFD-42DC-9B5A-B1ACBF20CCAD}.Debug|Any CPU.ActiveCfg = Debug|Any CPU
		{028869F3-6CFD-42DC-9B5A-B1ACBF20CCAD}.Debug|Any CPU.Build.0 = Debug|Any CPU
		{028869F3-6CFD-42DC-9B5A-B1ACBF20CCAD}.Release|Any CPU.ActiveCfg = Release|Any CPU
		{028869F3-6CFD-42DC-9B5A-B1ACBF20CCAD}.Release|Any CPU.Build.0 = Release|Any CPU
	EndGlobalSection
	GlobalSection(SolutionProperties) = preSolution
		HideSolutionNode = FALSE
	EndGlobalSection
	GlobalSection(ExtensibilityGlobals) = postSolution
		SolutionGuid = {6A37A59F-51F3-4503-B938-B6E13114EAF1}
	EndGlobalSection
EndGlobal
