
Microsoft Visual Studio Solution File, Format Version 12.00
# Visual Studio Version 16
VisualStudioVersion = 16.0.29911.84
MinimumVisualStudioVersion = 10.0.40219.1
Project("{FAE04EC0-301F-11D3-BF4B-00C04F79EFBC}") = "T04 P01 GUI Trapezoid Area", "T04 P01 GUI Trapezoid Area\T04 P01 GUI Trapezoid Area.csproj", "{6CB64BBD-E8C1-48BD-8C30-9609C6C1E49D}"
EndProject
Global
	GlobalSection(SolutionConfigurationPlatforms) = preSolution
		Debug|Any CPU = Debug|Any CPU
		Release|Any CPU = Release|Any CPU
	EndGlobalSection
	GlobalSection(ProjectConfigurationPlatforms) = postSolution
		{6CB64BBD-E8C1-48BD-8C30-9609C6C1E49D}.Debug|Any CPU.ActiveCfg = Debug|Any CPU
		{6CB64BBD-E8C1-48BD-8C30-9609C6C1E49D}.Debug|Any CPU.Build.0 = Debug|Any CPU
		{6CB64BBD-E8C1-48BD-8C30-9609C6C1E49D}.Release|Any CPU.ActiveCfg = Release|Any CPU
		{6CB64BBD-E8C1-48BD-8C30-9609C6C1E49D}.Release|Any CPU.Build.0 = Release|Any CPU
	EndGlobalSection
	GlobalSection(SolutionProperties) = preSolution
		HideSolutionNode = FALSE
	EndGlobalSection
	GlobalSection(ExtensibilityGlobals) = postSolution
		SolutionGuid = {4DB8030B-4C83-4796-852E-20004B3BF223}
	EndGlobalSection
EndGlobal
